// !$*UTF8*$!
{
	archiveVersion = 1;
	classes = {
	};
	objectVersion = 77;
	objects = {

/* Begin PBXBuildFile section */
		07917D8FF4E89D08824871C8 /* ClaudeSession.swift in Sources */ = {isa = PBXBuildFile; fileRef = 4584D127D7163FE302C1823B /* ClaudeSession.swift */; };
		1CB4DE692FDB0B5E001162F9 /* TerminalLauncherView.swift in Sources */ = {isa = PBXBuildFile; fileRef = 1CB4DE682FDB0B5E001162F9 /* TerminalLauncherView.swift */; };
		283DFEEE6FE3FFDE069C2753 /* ConversationView.swift in Sources */ = {isa = PBXBuildFile; fileRef = 35BEAB6539825A6FD3FB85C1 /* ConversationView.swift */; };
		5E339466A15806F2EA1AC156 /* ClaudeProcessManager.swift in Sources */ = {isa = PBXBuildFile; fileRef = 601E4BEF9E4A603B2030809E /* ClaudeProcessManager.swift */; };
		7427287E71C4B5104B979BBB /* MessageBubbleView.swift in Sources */ = {isa = PBXBuildFile; fileRef = 3D38CEE37CEA76F14A80B8CB /* MessageBubbleView.swift */; };
		891026D76A8D616047986F2C /* StreamParser.swift in Sources */ = {isa = PBXBuildFile; fileRef = DC76C0699E538FF7040446BF /* StreamParser.swift */; };
		91937208730D032BB23BDEAC /* ConversationMessage.swift in Sources */ = {isa = PBXBuildFile; fileRef = 83F053AC36B313FF952819D2 /* ConversationMessage.swift */; };
		93424E77EEF097BF74660B50 /* ContentView.swift in Sources */ = {isa = PBXBuildFile; fileRef = 9704902F40C9EE4B7A0F616A /* ContentView.swift */; };
		CDC52B2A25D567F8B5168920 /* SessionService.swift in Sources */ = {isa = PBXBuildFile; fileRef = 87DE43475D357D14E1B020C3 /* SessionService.swift */; };
		D166242448E78DE1DC0977D8 /* ClaudeUIApp.swift in Sources */ = {isa = PBXBuildFile; fileRef = 93F3F27C71166CE018D4C9B1 /* ClaudeUIApp.swift */; };
		D760DFF6B6A4E2535C26B8E1 /* Assets.xcassets in Resources */ = {isa = PBXBuildFile; fileRef = 16B2490929AF3EFEC3E5DD30 /* Assets.xcassets */; };
		ED05A4BBAE9E2AB8D7F172F2 /* SessionListView.swift in Sources */ = {isa = PBXBuildFile; fileRef = 04B3B1B2B1E3DAFBA75767B3 /* SessionListView.swift */; };
		F5F6F5AE1EBBCAE2E61C4F08 /* ClaudeProject.swift in Sources */ = {isa = PBXBuildFile; fileRef = 876BD75D9887EAD70AE47610 /* ClaudeProject.swift */; };
/* End PBXBuildFile section */

/* Begin PBXFileReference section */
		00744B192A8FEFA26B7D629D /* ClaudeUI.app */ = {isa = PBXFileReference; explicitFileType = wrapper.application; includeInIndex = 0; path = ClaudeUI.app; sourceTree = BUILT_PRODUCTS_DIR; };
		04B3B1B2B1E3DAFBA75767B3 /* SessionListView.swift */ = {isa = PBXFileReference; lastKnownFileType = sourcecode.swift; path = SessionListView.swift; sourceTree = "<group>"; };
		16B2490929AF3EFEC3E5DD30 /* Assets.xcassets */ = {isa = PBXFileReference; lastKnownFileType = folder.assetcatalog; path = Assets.xcassets; sourceTree = "<group>"; };
		1CB4DE682FDB0B5E001162F9 /* TerminalLauncherView.swift */ = {isa = PBXFileReference; lastKnownFileType = sourcecode.swift; path = TerminalLauncherView.swift; sourceTree = "<group>"; };
		35BEAB6539825A6FD3FB85C1 /* ConversationView.swift */ = {isa = PBXFileReference; lastKnownFileType = sourcecode.swift; path = ConversationView.swift; sourceTree = "<group>"; };
		3A9D4CB64568F4C5AB195B68 /* Info.plist */ = {isa = PBXFileReference; lastKnownFileType = text.plist; path = Info.plist; sourceTree = "<group>"; };
		3D38CEE37CEA76F14A80B8CB /* MessageBubbleView.swift */ = {isa = PBXFileReference; lastKnownFileType = sourcecode.swift; path = MessageBubbleView.swift; sourceTree = "<group>"; };
		4584D127D7163FE302C1823B /* ClaudeSession.swift */ = {isa = PBXFileReference; lastKnownFileType = sourcecode.swift; path = ClaudeSession.swift; sourceTree = "<group>"; };
		601E4BEF9E4A603B2030809E /* ClaudeProcessManager.swift */ = {isa = PBXFileReference; lastKnownFileType = sourcecode.swift; path = ClaudeProcessManager.swift; sourceTree = "<group>"; };
		83F053AC36B313FF952819D2 /* ConversationMessage.swift */ = {isa = PBXFileReference; lastKnownFileType = sourcecode.swift; path = ConversationMessage.swift; sourceTree = "<group>"; };
		876BD75D9887EAD70AE47610 /* ClaudeProject.swift */ = {isa = PBXFileReference; lastKnownFileType = sourcecode.swift; path = ClaudeProject.swift; sourceTree = "<group>"; };
		87DE43475D357D14E1B020C3 /* SessionService.swift */ = {isa = PBXFileReference; lastKnownFileType = sourcecode.swift; path = SessionService.swift; sourceTree = "<group>"; };
		93F3F27C71166CE018D4C9B1 /* ClaudeUIApp.swift */ = {isa = PBXFileReference; lastKnownFileType = sourcecode.swift; path = ClaudeUIApp.swift; sourceTree = "<group>"; };
		9704902F40C9EE4B7A0F616A /* ContentView.swift */ = {isa = PBXFileReference; lastKnownFileType = sourcecode.swift; path = ContentView.swift; sourceTree = "<group>"; };
		C9492A2CCA3E9794EF5A18A5 /* ClaudeUI.entitlements */ = {isa = PBXFileReference; lastKnownFileType = text.plist.entitlements; path = ClaudeUI.entitlements; sourceTree = "<group>"; };
		DC76C0699E538FF7040446BF /* StreamParser.swift */ = {isa = PBXFileReference; lastKnownFileType = sourcecode.swift; path = StreamParser.swift; sourceTree = "<group>"; };
/* End PBXFileReference section */

/* Begin PBXGroup section */
		01C30BF3E3E97CFEA2E0D02B /* Models */ = {
			isa = PBXGroup;
			children = (
				876BD75D9887EAD70AE47610 /* ClaudeProject.swift */,
				4584D127D7163FE302C1823B /* ClaudeSession.swift */,
				83F053AC36B313FF952819D2 /* ConversationMessage.swift */,
			);
			path = Models;
			sourceTree = "<group>";
		};
		07197DEC223DE2C36ABA5289 /* ClaudeUI */ = {
			isa = PBXGroup;
			children = (
				16B2490929AF3EFEC3E5DD30 /* Assets.xcassets */,
				C9492A2CCA3E9794EF5A18A5 /* ClaudeUI.entitlements */,
				3A9D4CB64568F4C5AB195B68 /* Info.plist */,
				D0021B1FFA58AAFBAC557480 /* App */,
				57D80C62776CF19183576DFE /* Helpers */,
				01C30BF3E3E97CFEA2E0D02B /* Models */,
				71487D85CE2ED8DDC89B4A11 /* Services */,
				E6CD1AFC27CB63433A4899BA /* Views */,
			);
			path = ClaudeUI;
			sourceTree = "<group>";
		};
		57D80C62776CF19183576DFE /* Helpers */ = {
			isa = PBXGroup;
			children = (
				DC76C0699E538FF7040446BF /* StreamParser.swift */,
			);
			path = Helpers;
			sourceTree = "<group>";
		};
		71487D85CE2ED8DDC89B4A11 /* Services */ = {
			isa = PBXGroup;
			children = (
				601E4BEF9E4A603B2030809E /* ClaudeProcessManager.swift */,
				87DE43475D357D14E1B020C3 /* SessionService.swift */,
			);
			path = Services;
			sourceTree = "<group>";
		};
		810628D4B870B809296A71A3 = {
			isa = PBXGroup;
			children = (
				07197DEC223DE2C36ABA5289 /* ClaudeUI */,
				AAEDB78AB19454D2BA20C9A6 /* Products */,
			);
			sourceTree = "<group>";
		};
		AAEDB78AB19454D2BA20C9A6 /* Products */ = {
			isa = PBXGroup;
			children = (
				00744B192A8FEFA26B7D629D /* ClaudeUI.app */,
			);
			name = Products;
			sourceTree = "<group>";
		};
		D0021B1FFA58AAFBAC557480 /* App */ = {
			isa = PBXGroup;
			children = (
				93F3F27C71166CE018D4C9B1 /* ClaudeUIApp.swift */,
			);
			path = App;
			sourceTree = "<group>";
		};
		E6CD1AFC27CB63433A4899BA /* Views */ = {
			isa = PBXGroup;
			children = (
				9704902F40C9EE4B7A0F616A /* ContentView.swift */,
				35BEAB6539825A6FD3FB85C1 /* ConversationView.swift */,
				3D38CEE37CEA76F14A80B8CB /* MessageBubbleView.swift */,
				04B3B1B2B1E3DAFBA75767B3 /* SessionListView.swift */,
				1CB4DE682FDB0B5E001162F9 /* TerminalLauncherView.swift */,
			);
			path = Views;
			sourceTree = "<group>";
		};
/* End PBXGroup section */

/* Begin PBXNativeTarget section */
		A89FCF55E94D76A6E88AA86C /* ClaudeUI */ = {
			isa = PBXNativeTarget;
			buildConfigurationList = AD9FDC8A687959A8237620CC /* Build configuration list for PBXNativeTarget "ClaudeUI" */;
			buildPhases = (
				9836D5D8B235EF1FEBA467BB /* Sources */,
				769BE09673565936F55C6EA9 /* Resources */,
			);
			buildRules = (
			);
			dependencies = (
			);
			name = ClaudeUI;
			packageProductDependencies = (
			);
			productName = ClaudeUI;
			productReference = 00744B192A8FEFA26B7D629D /* ClaudeUI.app */;
			productType = "com.apple.product-type.application";
		};
/* End PBXNativeTarget section */

/* Begin PBXProject section */
		8B6BA7375DA1BFE91804F5A6 /* Project object */ = {
			isa = PBXProject;
			attributes = {
				BuildIndependentTargetsInParallel = YES;
				LastUpgradeCheck = 1500;
			};
			buildConfigurationList = 1E270EAE1C0FBC97C9D811A0 /* Build configuration list for PBXProject "ClaudeUI" */;
			developmentRegion = en;
			hasScannedForEncodings = 0;
			knownRegions = (
				Base,
				en,
			);
			mainGroup = 810628D4B870B809296A71A3;
			minimizedProjectReferenceProxies = 1;
			preferredProjectObjectVersion = 77;
			productRefGroup = AAEDB78AB19454D2BA20C9A6 /* Products */;
			projectDirPath = "";
			projectRoot = "";
			targets = (
				A89FCF55E94D76A6E88AA86C /* ClaudeUI */,
			);
		};
/* End PBXProject section */

/* Begin PBXResourcesBuildPhase section */
		769BE09673565936F55C6EA9 /* Resources */ = {
			isa = PBXResourcesBuildPhase;
			buildActionMask = 2147483647;
			files = (
				D760DFF6B6A4E2535C26B8E1 /* Assets.xcassets in Resources */,
			);
			runOnlyForDeploymentPostprocessing = 0;
		};
/* End PBXResourcesBuildPhase section */

/* Begin PBXSourcesBuildPhase section */
		9836D5D8B235EF1FEBA467BB /* Sources */ = {
			isa = PBXSourcesBuildPhase;
			buildActionMask = 2147483647;
			files = (
				5E339466A15806F2EA1AC156 /* ClaudeProcessManager.swift in Sources */,
				1CB4DE692FDB0B5E001162F9 /* TerminalLauncherView.swift in Sources */,
				F5F6F5AE1EBBCAE2E61C4F08 /* ClaudeProject.swift in Sources */,
				07917D8FF4E89D08824871C8 /* ClaudeSession.swift in Sources */,
				D166242448E78DE1DC0977D8 /* ClaudeUIApp.swift in Sources */,
				93424E77EEF097BF74660B50 /* ContentView.swift in Sources */,
				91937208730D032BB23BDEAC /* ConversationMessage.swift in Sources */,
				283DFEEE6FE3FFDE069C2753 /* ConversationView.swift in Sources */,
				7427287E71C4B5104B979BBB /* MessageBubbleView.swift in Sources */,
				ED05A4BBAE9E2AB8D7F172F2 /* SessionListView.swift in Sources */,
				CDC52B2A25D567F8B5168920 /* SessionService.swift in Sources */,
				891026D76A8D616047986F2C /* StreamParser.swift in Sources */,
			);
			runOnlyForDeploymentPostprocessing = 0;
		};
/* End PBXSourcesBuildPhase section */

/* Begin XCBuildConfiguration section */
		2A1B0CD791EA1C0E6C593E3F /* Release */ = {
			isa = XCBuildConfiguration;
			buildSettings = {
				ALWAYS_SEARCH_USER_PATHS = NO;
				CLANG_ANALYZER_NONNULL = YES;
				CLANG_ANALYZER_NUMBER_OBJECT_CONVERSION = YES_AGGRESSIVE;
				CLANG_CXX_LANGUAGE_STANDARD = "gnu++14";
				CLANG_CXX_LIBRARY = "libc++";
				CLANG_ENABLE_MODULES = YES;
				CLANG_ENABLE_OBJC_ARC = YES;
				CLANG_ENABLE_OBJC_WEAK = YES;
				CLANG_WARN_BLOCK_CAPTURE_AUTORELEASING = YES;
				CLANG_WARN_BOOL_CONVERSION = YES;
				CLANG_WARN_COMMA = YES;
				CLANG_WARN_CONSTANT_CONVERSION = YES;
				CLANG_WARN_DEPRECATED_OBJC_IMPLEMENTATIONS = YES;
				CLANG_WARN_DIRECT_OBJC_ISA_USAGE = YES_ERROR;
				CLANG_WARN_DOCUMENTATION_COMMENTS = YES;
				CLANG_WARN_EMPTY_BODY = YES;
				CLANG_WARN_ENUM_CONVERSION = YES;
				CLANG_WARN_INFINITE_RECURSION = YES;
				CLANG_WARN_INT_CONVERSION = YES;
				CLANG_WARN_NON_LITERAL_NULL_CONVERSION = YES;
				CLANG_WARN_OBJC_IMPLICIT_RETAIN_SELF = YES;
				CLANG_WARN_OBJC_LITERAL_CONVERSION = YES;
				CLANG_WARN_OBJC_ROOT_CLASS = YES_ERROR;
				CLANG_WARN_QUOTED_INCLUDE_IN_FRAMEWORK_HEADER = YES;
				CLANG_WARN_RANGE_LOOP_ANALYSIS = YES;
				CLANG_WARN_STRICT_PROTOTYPES = YES;
				CLANG_WARN_SUSPICIOUS_MOVE = YES;
				CLANG_WARN_UNGUARDED_AVAILABILITY = YES_AGGRESSIVE;
				CLANG_WARN_UNREACHABLE_CODE = YES;
				CLANG_WARN__DUPLICATE_METHOD_MATCH = YES;
				COPY_PHASE_STRIP = NO;
				DEBUG_INFORMATION_FORMAT = "dwarf-with-dsym";
				ENABLE_NS_ASSERTIONS = NO;
				ENABLE_STRICT_OBJC_MSGSEND = YES;
				GCC_C_LANGUAGE_STANDARD = gnu11;
				GCC_NO_COMMON_BLOCKS = YES;
				GCC_WARN_64_TO_32_BIT_CONVERSION = YES;
				GCC_WARN_ABOUT_RETURN_TYPE = YES_ERROR;
				GCC_WARN_UNDECLARED_SELECTOR = YES;
				GCC_WARN_UNINITIALIZED_AUTOS = YES_AGGRESSIVE;
				GCC_WARN_UNUSED_FUNCTION = YES;
				GCC_WARN_UNUSED_VARIABLE = YES;
				MACOSX_DEPLOYMENT_TARGET = 14.0;
				MTL_ENABLE_DEBUG_INFO = NO;
				MTL_FAST_MATH = YES;
				PRODUCT_NAME = "$(TARGET_NAME)";
				SDKROOT = macosx;
				SWIFT_COMPILATION_MODE = wholemodule;
				SWIFT_OPTIMIZATION_LEVEL = "-O";
				SWIFT_VERSION = 5.9;
			};
			name = Release;
		};
		492F723F6215BADA4DF7487E /* Release */ = {
			isa = XCBuildConfiguration;
			buildSettings = {
				ASSETCATALOG_COMPILER_APPICON_NAME = AppIcon;
				ASSETCATALOG_COMPILER_GLOBAL_ACCENT_COLOR_NAME = AccentColor;
				CODE_SIGN_ENTITLEMENTS = ClaudeUI/ClaudeUI.entitlements;
				COMBINE_HIDPI_IMAGES = YES;
				CURRENT_PROJECT_VERSION = 1;
				ENABLE_HARDENED_RUNTIME = YES;
				INFOPLIST_FILE = ClaudeUI/Info.plist;
				LD_RUNPATH_SEARCH_PATHS = (
					"$(inherited)",
					"@executable_path/../Frameworks",
				);
				MACOSX_DEPLOYMENT_TARGET = 14.0;
				MARKETING_VERSION = 1.0.0;
				PRODUCT_BUNDLE_IDENTIFIER = com.khanh.ClaudeUI;
				SDKROOT = macosx;
			};
			name = Release;
		};
		4F4A7DFDA2304BE5DAA505F0 /* Debug */ = {
			isa = XCBuildConfiguration;
			buildSettings = {
				ALWAYS_SEARCH_USER_PATHS = NO;
				CLANG_ANALYZER_NONNULL = YES;
				CLANG_ANALYZER_NUMBER_OBJECT_CONVERSION = YES_AGGRESSIVE;
				CLANG_CXX_LANGUAGE_STANDARD = "gnu++14";
				CLANG_CXX_LIBRARY = "libc++";
				CLANG_ENABLE_MODULES = YES;
				CLANG_ENABLE_OBJC_ARC = YES;
				CLANG_ENABLE_OBJC_WEAK = YES;
				CLANG_WARN_BLOCK_CAPTURE_AUTORELEASING = YES;
				CLANG_WARN_BOOL_CONVERSION = YES;
				CLANG_WARN_COMMA = YES;
				CLANG_WARN_CONSTANT_CONVERSION = YES;
				CLANG_WARN_DEPRECATED_OBJC_IMPLEMENTATIONS = YES;
				CLANG_WARN_DIRECT_OBJC_ISA_USAGE = YES_ERROR;
				CLANG_WARN_DOCUMENTATION_COMMENTS = YES;
				CLANG_WARN_EMPTY_BODY = YES;
				CLANG_WARN_ENUM_CONVERSION = YES;
				CLANG_WARN_INFINITE_RECURSION = YES;
				CLANG_WARN_INT_CONVERSION = YES;
				CLANG_WARN_NON_LITERAL_NULL_CONVERSION = YES;
				CLANG_WARN_OBJC_IMPLICIT_RETAIN_SELF = YES;
				CLANG_WARN_OBJC_LITERAL_CONVERSION = YES;
				CLANG_WARN_OBJC_ROOT_CLASS = YES_ERROR;
				CLANG_WARN_QUOTED_INCLUDE_IN_FRAMEWORK_HEADER = YES;
				CLANG_WARN_RANGE_LOOP_ANALYSIS = YES;
				CLANG_WARN_STRICT_PROTOTYPES = YES;
				CLANG_WARN_SUSPICIOUS_MOVE = YES;
				CLANG_WARN_UNGUARDED_AVAILABILITY = YES_AGGRESSIVE;
				CLANG_WARN_UNREACHABLE_CODE = YES;
				CLANG_WARN__DUPLICATE_METHOD_MATCH = YES;
				COPY_PHASE_STRIP = NO;
				DEBUG_INFORMATION_FORMAT = dwarf;
				ENABLE_STRICT_OBJC_MSGSEND = YES;
				ENABLE_TESTABILITY = YES;
				GCC_C_LANGUAGE_STANDARD = gnu11;
				GCC_DYNAMIC_NO_PIC = NO;
				GCC_NO_COMMON_BLOCKS = YES;
				GCC_OPTIMIZATION_LEVEL = 0;
				GCC_PREPROCESSOR_DEFINITIONS = (
					"$(inherited)",
					"DEBUG=1",
				);
				GCC_WARN_64_TO_32_BIT_CONVERSION = YES;
				GCC_WARN_ABOUT_RETURN_TYPE = YES_ERROR;
				GCC_WARN_UNDECLARED_SELECTOR = YES;
				GCC_WARN_UNINITIALIZED_AUTOS = YES_AGGRESSIVE;
				GCC_WARN_UNUSED_FUNCTION = YES;
				GCC_WARN_UNUSED_VARIABLE = YES;
				MACOSX_DEPLOYMENT_TARGET = 14.0;
				MTL_ENABLE_DEBUG_INFO = INCLUDE_SOURCE;
				MTL_FAST_MATH = YES;
				ONLY_ACTIVE_ARCH = YES;
				PRODUCT_NAME = "$(TARGET_NAME)";
				SDKROOT = macosx;
				SWIFT_ACTIVE_COMPILATION_CONDITIONS = DEBUG;
				SWIFT_OPTIMIZATION_LEVEL = "-Onone";
				SWIFT_VERSION = 5.9;
			};
			name = Debug;
		};
		71D451BEDAA8470A4DAC7FE6 /* Debug */ = {
			isa = XCBuildConfiguration;
			buildSettings = {
				ASSETCATALOG_COMPILER_APPICON_NAME = AppIcon;
				ASSETCATALOG_COMPILER_GLOBAL_ACCENT_COLOR_NAME = AccentColor;
				CODE_SIGN_ENTITLEMENTS = ClaudeUI/ClaudeUI.entitlements;
				COMBINE_HIDPI_IMAGES = YES;
				CURRENT_PROJECT_VERSION = 1;
				ENABLE_HARDENED_RUNTIME = YES;
				INFOPLIST_FILE = ClaudeUI/Info.plist;
				LD_RUNPATH_SEARCH_PATHS = (
					"$(inherited)",
					"@executable_path/../Frameworks",
				);
				MACOSX_DEPLOYMENT_TARGET = 14.0;
				MARKETING_VERSION = 1.0.0;
				PRODUCT_BUNDLE_IDENTIFIER = com.khanh.ClaudeUI;
				SDKROOT = macosx;
			};
			name = Debug;
		};
/* End XCBuildConfiguration section */

/* Begin XCConfigurationList section */
		1E270EAE1C0FBC97C9D811A0 /* Build configuration list for PBXProject "ClaudeUI" */ = {
			isa = XCConfigurationList;
			buildConfigurations = (
				4F4A7DFDA2304BE5DAA505F0 /* Debug */,
				2A1B0CD791EA1C0E6C593E3F /* Release */,
			);
			defaultConfigurationIsVisible = 0;
			defaultConfigurationName = Debug;
		};
		AD9FDC8A687959A8237620CC /* Build configuration list for PBXNativeTarget "ClaudeUI" */ = {
			isa = XCConfigurationList;
			buildConfigurations = (
				71D451BEDAA8470A4DAC7FE6 /* Debug */,
				492F723F6215BADA4DF7487E /* Release */,
			);
			defaultConfigurationIsVisible = 0;
			defaultConfigurationName = Debug;
		};
/* End XCConfigurationList section */
	};
	rootObject = 8B6BA7375DA1BFE91804F5A6 /* Project object */;
}
